
Microsoft Visual Studio Solution File, Format Version 12.00
# Visual Studio Version 17
VisualStudioVersion = 17.5.33530.505
MinimumVisualStudioVersion = 10.0.40219.1
Project("{FAE04EC0-301F-11D3-BF4B-00C04F79EFBC}") = "лаба2", "лаба2\лаба2.csproj", "{8812B379-1429-4117-BFFF-A414336B2D9D}"
EndProject
Project("{FAE04EC0-301F-11D3-BF4B-00C04F79EFBC}") = "absTest", "absTest\absTest.csproj", "{81EB5438-F3A6-4111-929F-4D4357C69294}"
EndProject
Project("{FAE04EC0-301F-11D3-BF4B-00C04F79EFBC}") = "laboratorna4", "laboratorna4\laboratorna4.csproj", "{E980E62E-E3E7-4615-9C3C-5211912C85DB}"
EndProject
Project("{FAE04EC0-301F-11D3-BF4B-00C04F79EFBC}") = "TestLaba4", "TestLaba4\TestLaba4.csproj", "{559EEF0A-8536-4450-B2CC-2F9AA0D009B9}"
EndProject
Project("{FAE04EC0-301F-11D3-BF4B-00C04F79EFBC}") = "labka5", "labka5\labka5.csproj", "{1880CAD7-B49E-47FD-81A0-1ACBD7F07F88}"
EndProject
Project("{FAE04EC0-301F-11D3-BF4B-00C04F79EFBC}") = "testLABA5", "testLABA5\testLABA5.csproj", "{2FFE3B49-D8DB-44ED-8618-5C9C0B6573DE}"
EndProject
Global
	GlobalSection(SolutionConfigurationPlatforms) = preSolution
		Debug|Any CPU = Debug|Any CPU
		Release|Any CPU = Release|Any CPU
	EndGlobalSection
	GlobalSection(ProjectConfigurationPlatforms) = postSolution
		{8812B379-1429-4117-BFFF-A414336B2D9D}.Debug|Any CPU.ActiveCfg = Debug|Any CPU
		{8812B379-1429-4117-BFFF-A414336B2D9D}.Debug|Any CPU.Build.0 = Debug|Any CPU
		{8812B379-1429-4117-BFFF-A414336B2D9D}.Release|Any CPU.ActiveCfg = Release|Any CPU
		{8812B379-1429-4117-BFFF-A414336B2D9D}.Release|Any CPU.Build.0 = Release|Any CPU
		{81EB5438-F3A6-4111-929F-4D4357C69294}.Debug|Any CPU.ActiveCfg = Debug|Any CPU
		{81EB5438-F3A6-4111-929F-4D4357C69294}.Debug|Any CPU.Build.0 = Debug|Any CPU
		{81EB5438-F3A6-4111-929F-4D4357C69294}.Release|Any CPU.ActiveCfg = Release|Any CPU
		{81EB5438-F3A6-4111-929F-4D4357C69294}.Release|Any CPU.Build.0 = Release|Any CPU
		{E980E62E-E3E7-4615-9C3C-5211912C85DB}.Debug|Any CPU.ActiveCfg = Debug|Any CPU
		{E980E62E-E3E7-4615-9C3C-5211912C85DB}.Debug|Any CPU.Build.0 = Debug|Any CPU
		{E980E62E-E3E7-4615-9C3C-5211912C85DB}.Release|Any CPU.ActiveCfg = Release|Any CPU
		{E980E62E-E3E7-4615-9C3C-5211912C85DB}.Release|Any CPU.Build.0 = Release|Any CPU
		{559EEF0A-8536-4450-B2CC-2F9AA0D009B9}.Debug|Any CPU.ActiveCfg = Debug|Any CPU
		{559EEF0A-8536-4450-B2CC-2F9AA0D009B9}.Debug|Any CPU.Build.0 = Debug|Any CPU
		{559EEF0A-8536-4450-B2CC-2F9AA0D009B9}.Release|Any CPU.ActiveCfg = Release|Any CPU
		{559EEF0A-8536-4450-B2CC-2F9AA0D009B9}.Release|Any CPU.Build.0 = Release|Any CPU
		{1880CAD7-B49E-47FD-81A0-1ACBD7F07F88}.Debug|Any CPU.ActiveCfg = Debug|Any CPU
		{1880CAD7-B49E-47FD-81A0-1ACBD7F07F88}.Debug|Any CPU.Build.0 = Debug|Any CPU
		{1880CAD7-B49E-47FD-81A0-1ACBD7F07F88}.Release|Any CPU.ActiveCfg = Release|Any CPU
		{1880CAD7-B49E-47FD-81A0-1ACBD7F07F88}.Release|Any CPU.Build.0 = Release|Any CPU
		{2FFE3B49-D8DB-44ED-8618-5C9C0B6573DE}.Debug|Any CPU.ActiveCfg = Debug|Any CPU
		{2FFE3B49-D8DB-44ED-8618-5C9C0B6573DE}.Debug|Any CPU.Build.0 = Debug|Any CPU
		{2FFE3B49-D8DB-44ED-8618-5C9C0B6573DE}.Release|Any CPU.ActiveCfg = Release|Any CPU
		{2FFE3B49-D8DB-44ED-8618-5C9C0B6573DE}.Release|Any CPU.Build.0 = Release|Any CPU
	EndGlobalSection
	GlobalSection(SolutionProperties) = preSolution
		HideSolutionNode = FALSE
	EndGlobalSection
	GlobalSection(ExtensibilityGlobals) = postSolution
		SolutionGuid = {F9A2D950-AAFE-4840-A322-242B1C0C8CF9}
	EndGlobalSection
EndGlobal
